// !$*UTF8*$!
{
	archiveVersion = 1;
	classes = {
	};
	objectVersion = 55;
	objects = {

/* Begin PBXBuildFile section */
		82805A7228A1BAB400DFA27B /* AppDelegate.swift in Sources */ = {isa = PBXBuildFile; fileRef = 82805A7128A1BAB400DFA27B /* AppDelegate.swift */; };
		82805A7428A1BAB400DFA27B /* SceneDelegate.swift in Sources */ = {isa = PBXBuildFile; fileRef = 82805A7328A1BAB400DFA27B /* SceneDelegate.swift */; };
		82805A7628A1BAB400DFA27B /* MainTabBarViewController.swift in Sources */ = {isa = PBXBuildFile; fileRef = 82805A7528A1BAB400DFA27B /* MainTabBarViewController.swift */; };
		82805A7B28A1BAB800DFA27B /* Assets.xcassets in Resources */ = {isa = PBXBuildFile; fileRef = 82805A7A28A1BAB800DFA27B /* Assets.xcassets */; };
		82805A7E28A1BAB800DFA27B /* LaunchScreen.storyboard in Resources */ = {isa = PBXBuildFile; fileRef = 82805A7C28A1BAB800DFA27B /* LaunchScreen.storyboard */; };
		82805A8928A1C44700DFA27B /* HomeViewController.swift in Sources */ = {isa = PBXBuildFile; fileRef = 82805A8828A1C44700DFA27B /* HomeViewController.swift */; };
		82805A8B28A1C45A00DFA27B /* UpcomingViewController.swift in Sources */ = {isa = PBXBuildFile; fileRef = 82805A8A28A1C45A00DFA27B /* UpcomingViewController.swift */; };
		82805A8D28A1C46A00DFA27B /* SearchViewController.swift in Sources */ = {isa = PBXBuildFile; fileRef = 82805A8C28A1C46A00DFA27B /* SearchViewController.swift */; };
		82805A9028A1C47C00DFA27B /* DownloadViewController.swift in Sources */ = {isa = PBXBuildFile; fileRef = 82805A8F28A1C47C00DFA27B /* DownloadViewController.swift */; };
		82805A9228A1CBFA00DFA27B /* CollectionViewTableViewCell.swift in Sources */ = {isa = PBXBuildFile; fileRef = 82805A9128A1CBFA00DFA27B /* CollectionViewTableViewCell.swift */; };
		82805A9428A1D2B300DFA27B /* HeroHeaderUIView.swift in Sources */ = {isa = PBXBuildFile; fileRef = 82805A9328A1D2B300DFA27B /* HeroHeaderUIView.swift */; };
		D7CED03728B1303B00BAB9AB /* APICaller.swift in Sources */ = {isa = PBXBuildFile; fileRef = D7CED03628B1303B00BAB9AB /* APICaller.swift */; };
		D7CED03A28B1305C00BAB9AB /* StringExtensions.swift in Sources */ = {isa = PBXBuildFile; fileRef = D7CED03928B1305C00BAB9AB /* StringExtensions.swift */; };
		D7CED03D28B1308100BAB9AB /* MovieModel.swift in Sources */ = {isa = PBXBuildFile; fileRef = D7CED03C28B1308100BAB9AB /* MovieModel.swift */; };
		D7CED04128B14AAE00BAB9AB /* TitleCollectionViewCell.swift in Sources */ = {isa = PBXBuildFile; fileRef = D7CED04028B14AAE00BAB9AB /* TitleCollectionViewCell.swift */; };
		D7CED04428B14BDD00BAB9AB /* SDWebImage in Frameworks */ = {isa = PBXBuildFile; productRef = D7CED04328B14BDD00BAB9AB /* SDWebImage */; };
		D7CED04628B14BDD00BAB9AB /* SDWebImageMapKit in Frameworks */ = {isa = PBXBuildFile; productRef = D7CED04528B14BDD00BAB9AB /* SDWebImageMapKit */; };
/* End PBXBuildFile section */

/* Begin PBXFileReference section */
		82805A6E28A1BAB400DFA27B /* qNetflixClone.app */ = {isa = PBXFileReference; explicitFileType = wrapper.application; includeInIndex = 0; path = qNetflixClone.app; sourceTree = BUILT_PRODUCTS_DIR; };
		82805A7128A1BAB400DFA27B /* AppDelegate.swift */ = {isa = PBXFileReference; lastKnownFileType = sourcecode.swift; path = AppDelegate.swift; sourceTree = "<group>"; };
		82805A7328A1BAB400DFA27B /* SceneDelegate.swift */ = {isa = PBXFileReference; lastKnownFileType = sourcecode.swift; path = SceneDelegate.swift; sourceTree = "<group>"; };
		82805A7528A1BAB400DFA27B /* MainTabBarViewController.swift */ = {isa = PBXFileReference; lastKnownFileType = sourcecode.swift; path = MainTabBarViewController.swift; sourceTree = "<group>"; };
		82805A7A28A1BAB800DFA27B /* Assets.xcassets */ = {isa = PBXFileReference; lastKnownFileType = folder.assetcatalog; path = Assets.xcassets; sourceTree = "<group>"; };
		82805A7D28A1BAB800DFA27B /* Base */ = {isa = PBXFileReference; lastKnownFileType = file.storyboard; name = Base; path = Base.lproj/LaunchScreen.storyboard; sourceTree = "<group>"; };
		82805A7F28A1BAB800DFA27B /* Info.plist */ = {isa = PBXFileReference; lastKnownFileType = text.plist.xml; path = Info.plist; sourceTree = "<group>"; };
		82805A8828A1C44700DFA27B /* HomeViewController.swift */ = {isa = PBXFileReference; lastKnownFileType = sourcecode.swift; path = HomeViewController.swift; sourceTree = "<group>"; };
		82805A8A28A1C45A00DFA27B /* UpcomingViewController.swift */ = {isa = PBXFileReference; lastKnownFileType = sourcecode.swift; path = UpcomingViewController.swift; sourceTree = "<group>"; };
		82805A8C28A1C46A00DFA27B /* SearchViewController.swift */ = {isa = PBXFileReference; lastKnownFileType = sourcecode.swift; path = SearchViewController.swift; sourceTree = "<group>"; };
		82805A8F28A1C47C00DFA27B /* DownloadViewController.swift */ = {isa = PBXFileReference; lastKnownFileType = sourcecode.swift; path = DownloadViewController.swift; sourceTree = "<group>"; };
		82805A9128A1CBFA00DFA27B /* CollectionViewTableViewCell.swift */ = {isa = PBXFileReference; lastKnownFileType = sourcecode.swift; path = CollectionViewTableViewCell.swift; sourceTree = "<group>"; };
		82805A9328A1D2B300DFA27B /* HeroHeaderUIView.swift */ = {isa = PBXFileReference; lastKnownFileType = sourcecode.swift; path = HeroHeaderUIView.swift; sourceTree = "<group>"; };
		D7CED03628B1303B00BAB9AB /* APICaller.swift */ = {isa = PBXFileReference; fileEncoding = 4; lastKnownFileType = sourcecode.swift; path = APICaller.swift; sourceTree = "<group>"; };
		D7CED03928B1305C00BAB9AB /* StringExtensions.swift */ = {isa = PBXFileReference; fileEncoding = 4; lastKnownFileType = sourcecode.swift; path = StringExtensions.swift; sourceTree = "<group>"; };
		D7CED03C28B1308100BAB9AB /* MovieModel.swift */ = {isa = PBXFileReference; fileEncoding = 4; lastKnownFileType = sourcecode.swift; path = MovieModel.swift; sourceTree = "<group>"; };
		D7CED04028B14AAE00BAB9AB /* TitleCollectionViewCell.swift */ = {isa = PBXFileReference; lastKnownFileType = sourcecode.swift; path = TitleCollectionViewCell.swift; sourceTree = "<group>"; };
/* End PBXFileReference section */

/* Begin PBXFrameworksBuildPhase section */
		82805A6B28A1BAB400DFA27B /* Frameworks */ = {
			isa = PBXFrameworksBuildPhase;
			buildActionMask = 2147483647;
			files = (
				D7CED04628B14BDD00BAB9AB /* SDWebImageMapKit in Frameworks */,
				D7CED04428B14BDD00BAB9AB /* SDWebImage in Frameworks */,
			);
			runOnlyForDeploymentPostprocessing = 0;
		};
/* End PBXFrameworksBuildPhase section */

/* Begin PBXGroup section */
		82805A6528A1BAB400DFA27B = {
			isa = PBXGroup;
			children = (
				82805A7028A1BAB400DFA27B /* qNetflixClone */,
				82805A6F28A1BAB400DFA27B /* Products */,
			);
			sourceTree = "<group>";
		};
		82805A6F28A1BAB400DFA27B /* Products */ = {
			isa = PBXGroup;
			children = (
				82805A6E28A1BAB400DFA27B /* qNetflixClone.app */,
			);
			name = Products;
			sourceTree = "<group>";
		};
		82805A7028A1BAB400DFA27B /* qNetflixClone */ = {
			isa = PBXGroup;
			children = (
				D7CED03B28B1306F00BAB9AB /* Models */,
				D7CED03828B1304C00BAB9AB /* Resources */,
				D7CED03528B1301B00BAB9AB /* Managers */,
				82805A8528A1BD8200DFA27B /* Views */,
				82805A8628A1BD9000DFA27B /* ModelViews */,
				82805A8728A1BD9700DFA27B /* Controller */,
				82805A7128A1BAB400DFA27B /* AppDelegate.swift */,
				82805A7328A1BAB400DFA27B /* SceneDelegate.swift */,
				82805A7528A1BAB400DFA27B /* MainTabBarViewController.swift */,
				82805A7A28A1BAB800DFA27B /* Assets.xcassets */,
				82805A7C28A1BAB800DFA27B /* LaunchScreen.storyboard */,
				82805A7F28A1BAB800DFA27B /* Info.plist */,
			);
			path = qNetflixClone;
			sourceTree = "<group>";
		};
		82805A8528A1BD8200DFA27B /* Views */ = {
			isa = PBXGroup;
			children = (
				82805A9128A1CBFA00DFA27B /* CollectionViewTableViewCell.swift */,
				82805A9328A1D2B300DFA27B /* HeroHeaderUIView.swift */,
				D7CED04028B14AAE00BAB9AB /* TitleCollectionViewCell.swift */,
			);
			name = Views;
			sourceTree = "<group>";
		};
		82805A8628A1BD9000DFA27B /* ModelViews */ = {
			isa = PBXGroup;
			children = (
			);
			name = ModelViews;
			sourceTree = "<group>";
		};
		82805A8728A1BD9700DFA27B /* Controller */ = {
			isa = PBXGroup;
			children = (
				82805A8828A1C44700DFA27B /* HomeViewController.swift */,
				82805A8A28A1C45A00DFA27B /* UpcomingViewController.swift */,
				82805A8C28A1C46A00DFA27B /* SearchViewController.swift */,
				82805A8F28A1C47C00DFA27B /* DownloadViewController.swift */,
			);
			name = Controller;
			sourceTree = "<group>";
		};
		D7CED03528B1301B00BAB9AB /* Managers */ = {
			isa = PBXGroup;
			children = (
				D7CED03628B1303B00BAB9AB /* APICaller.swift */,
			);
			name = Managers;
			sourceTree = "<group>";
		};
		D7CED03828B1304C00BAB9AB /* Resources */ = {
			isa = PBXGroup;
			children = (
				D7CED03928B1305C00BAB9AB /* StringExtensions.swift */,
			);
			name = Resources;
			sourceTree = "<group>";
		};
		D7CED03B28B1306F00BAB9AB /* Models */ = {
			isa = PBXGroup;
			children = (
				D7CED03C28B1308100BAB9AB /* MovieModel.swift */,
			);
			name = Models;
			sourceTree = "<group>";
		};
/* End PBXGroup section */

/* Begin PBXNativeTarget section */
		82805A6D28A1BAB400DFA27B /* qNetflixClone */ = {
			isa = PBXNativeTarget;
			buildConfigurationList = 82805A8228A1BAB800DFA27B /* Build configuration list for PBXNativeTarget "qNetflixClone" */;
			buildPhases = (
				82805A6A28A1BAB400DFA27B /* Sources */,
				82805A6B28A1BAB400DFA27B /* Frameworks */,
				82805A6C28A1BAB400DFA27B /* Resources */,
			);
			buildRules = (
			);
			dependencies = (
			);
			name = qNetflixClone;
			packageProductDependencies = (
				D7CED04328B14BDD00BAB9AB /* SDWebImage */,
				D7CED04528B14BDD00BAB9AB /* SDWebImageMapKit */,
			);
			productName = qNetflixClone;
			productReference = 82805A6E28A1BAB400DFA27B /* qNetflixClone.app */;
			productType = "com.apple.product-type.application";
		};
/* End PBXNativeTarget section */

/* Begin PBXProject section */
		82805A6628A1BAB400DFA27B /* Project object */ = {
			isa = PBXProject;
			attributes = {
				BuildIndependentTargetsInParallel = 1;
				LastSwiftUpdateCheck = 1310;
				LastUpgradeCheck = 1310;
				TargetAttributes = {
					82805A6D28A1BAB400DFA27B = {
						CreatedOnToolsVersion = 13.1;
					};
				};
			};
			buildConfigurationList = 82805A6928A1BAB400DFA27B /* Build configuration list for PBXProject "qNetflixClone" */;
			compatibilityVersion = "Xcode 13.0";
			developmentRegion = en;
			hasScannedForEncodings = 0;
			knownRegions = (
				en,
				Base,
			);
			mainGroup = 82805A6528A1BAB400DFA27B;
			packageReferences = (
				D7CED04228B14BDD00BAB9AB /* XCRemoteSwiftPackageReference "SDWebImage" */,
			);
			productRefGroup = 82805A6F28A1BAB400DFA27B /* Products */;
			projectDirPath = "";
			projectRoot = "";
			targets = (
				82805A6D28A1BAB400DFA27B /* qNetflixClone */,
			);
		};
/* End PBXProject section */

/* Begin PBXResourcesBuildPhase section */
		82805A6C28A1BAB400DFA27B /* Resources */ = {
			isa = PBXResourcesBuildPhase;
			buildActionMask = 2147483647;
			files = (
				82805A7E28A1BAB800DFA27B /* LaunchScreen.storyboard in Resources */,
				82805A7B28A1BAB800DFA27B /* Assets.xcassets in Resources */,
			);
			runOnlyForDeploymentPostprocessing = 0;
		};
/* End PBXResourcesBuildPhase section */

/* Begin PBXSourcesBuildPhase section */
		82805A6A28A1BAB400DFA27B /* Sources */ = {
			isa = PBXSourcesBuildPhase;
			buildActionMask = 2147483647;
			files = (
				D7CED03D28B1308100BAB9AB /* MovieModel.swift in Sources */,
				D7CED04128B14AAE00BAB9AB /* TitleCollectionViewCell.swift in Sources */,
				82805A8D28A1C46A00DFA27B /* SearchViewController.swift in Sources */,
				82805A7628A1BAB400DFA27B /* MainTabBarViewController.swift in Sources */,
				82805A9228A1CBFA00DFA27B /* CollectionViewTableViewCell.swift in Sources */,
				D7CED03728B1303B00BAB9AB /* APICaller.swift in Sources */,
				82805A9428A1D2B300DFA27B /* HeroHeaderUIView.swift in Sources */,
				82805A7228A1BAB400DFA27B /* AppDelegate.swift in Sources */,
				D7CED03A28B1305C00BAB9AB /* StringExtensions.swift in Sources */,
				82805A9028A1C47C00DFA27B /* DownloadViewController.swift in Sources */,
				82805A7428A1BAB400DFA27B /* SceneDelegate.swift in Sources */,
				82805A8B28A1C45A00DFA27B /* UpcomingViewController.swift in Sources */,
				82805A8928A1C44700DFA27B /* HomeViewController.swift in Sources */,
			);
			runOnlyForDeploymentPostprocessing = 0;
		};
/* End PBXSourcesBuildPhase section */

/* Begin PBXVariantGroup section */
		82805A7C28A1BAB800DFA27B /* LaunchScreen.storyboard */ = {
			isa = PBXVariantGroup;
			children = (
				82805A7D28A1BAB800DFA27B /* Base */,
			);
			name = LaunchScreen.storyboard;
			sourceTree = "<group>";
		};
/* End PBXVariantGroup section */

/* Begin XCBuildConfiguration section */
		82805A8028A1BAB800DFA27B /* Debug */ = {
			isa = XCBuildConfiguration;
			buildSettings = {
				ALWAYS_SEARCH_USER_PATHS = NO;
				CLANG_ANALYZER_NONNULL = YES;
				CLANG_ANALYZER_NUMBER_OBJECT_CONVERSION = YES_AGGRESSIVE;
				CLANG_CXX_LANGUAGE_STANDARD = "gnu++17";
				CLANG_CXX_LIBRARY = "libc++";
				CLANG_ENABLE_MODULES = YES;
				CLANG_ENABLE_OBJC_ARC = YES;
				CLANG_ENABLE_OBJC_WEAK = YES;
				CLANG_WARN_BLOCK_CAPTURE_AUTORELEASING = YES;
				CLANG_WARN_BOOL_CONVERSION = YES;
				CLANG_WARN_COMMA = YES;
				CLANG_WARN_CONSTANT_CONVERSION = YES;
				CLANG_WARN_DEPRECATED_OBJC_IMPLEMENTATIONS = YES;
				CLANG_WARN_DIRECT_OBJC_ISA_USAGE = YES_ERROR;
				CLANG_WARN_DOCUMENTATION_COMMENTS = YES;
				CLANG_WARN_EMPTY_BODY = YES;
				CLANG_WARN_ENUM_CONVERSION = YES;
				CLANG_WARN_INFINITE_RECURSION = YES;
				CLANG_WARN_INT_CONVERSION = YES;
				CLANG_WARN_NON_LITERAL_NULL_CONVERSION = YES;
				CLANG_WARN_OBJC_IMPLICIT_RETAIN_SELF = YES;
				CLANG_WARN_OBJC_LITERAL_CONVERSION = YES;
				CLANG_WARN_OBJC_ROOT_CLASS = YES_ERROR;
				CLANG_WARN_QUOTED_INCLUDE_IN_FRAMEWORK_HEADER = YES;
				CLANG_WARN_RANGE_LOOP_ANALYSIS = YES;
				CLANG_WARN_STRICT_PROTOTYPES = YES;
				CLANG_WARN_SUSPICIOUS_MOVE = YES;
				CLANG_WARN_UNGUARDED_AVAILABILITY = YES_AGGRESSIVE;
				CLANG_WARN_UNREACHABLE_CODE = YES;
				CLANG_WARN__DUPLICATE_METHOD_MATCH = YES;
				COPY_PHASE_STRIP = NO;
				DEBUG_INFORMATION_FORMAT = dwarf;
				ENABLE_STRICT_OBJC_MSGSEND = YES;
				ENABLE_TESTABILITY = YES;
				GCC_C_LANGUAGE_STANDARD = gnu11;
				GCC_DYNAMIC_NO_PIC = NO;
				GCC_NO_COMMON_BLOCKS = YES;
				GCC_OPTIMIZATION_LEVEL = 0;
				GCC_PREPROCESSOR_DEFINITIONS = (
					"DEBUG=1",
					"$(inherited)",
				);
				GCC_WARN_64_TO_32_BIT_CONVERSION = YES;
				GCC_WARN_ABOUT_RETURN_TYPE = YES_ERROR;
				GCC_WARN_UNDECLARED_SELECTOR = YES;
				GCC_WARN_UNINITIALIZED_AUTOS = YES_AGGRESSIVE;
				GCC_WARN_UNUSED_FUNCTION = YES;
				GCC_WARN_UNUSED_VARIABLE = YES;
				IPHONEOS_DEPLOYMENT_TARGET = 15.0;
				MTL_ENABLE_DEBUG_INFO = INCLUDE_SOURCE;
				MTL_FAST_MATH = YES;
				ONLY_ACTIVE_ARCH = YES;
				SDKROOT = iphoneos;
				SWIFT_ACTIVE_COMPILATION_CONDITIONS = DEBUG;
				SWIFT_OPTIMIZATION_LEVEL = "-Onone";
			};
			name = Debug;
		};
		82805A8128A1BAB800DFA27B /* Release */ = {
			isa = XCBuildConfiguration;
			buildSettings = {
				ALWAYS_SEARCH_USER_PATHS = NO;
				CLANG_ANALYZER_NONNULL = YES;
				CLANG_ANALYZER_NUMBER_OBJECT_CONVERSION = YES_AGGRESSIVE;
				CLANG_CXX_LANGUAGE_STANDARD = "gnu++17";
				CLANG_CXX_LIBRARY = "libc++";
				CLANG_ENABLE_MODULES = YES;
				CLANG_ENABLE_OBJC_ARC = YES;
				CLANG_ENABLE_OBJC_WEAK = YES;
				CLANG_WARN_BLOCK_CAPTURE_AUTORELEASING = YES;
				CLANG_WARN_BOOL_CONVERSION = YES;
				CLANG_WARN_COMMA = YES;
				CLANG_WARN_CONSTANT_CONVERSION = YES;
				CLANG_WARN_DEPRECATED_OBJC_IMPLEMENTATIONS = YES;
				CLANG_WARN_DIRECT_OBJC_ISA_USAGE = YES_ERROR;
				CLANG_WARN_DOCUMENTATION_COMMENTS = YES;
				CLANG_WARN_EMPTY_BODY = YES;
				CLANG_WARN_ENUM_CONVERSION = YES;
				CLANG_WARN_INFINITE_RECURSION = YES;
				CLANG_WARN_INT_CONVERSION = YES;
				CLANG_WARN_NON_LITERAL_NULL_CONVERSION = YES;
				CLANG_WARN_OBJC_IMPLICIT_RETAIN_SELF = YES;
				CLANG_WARN_OBJC_LITERAL_CONVERSION = YES;
				CLANG_WARN_OBJC_ROOT_CLASS = YES_ERROR;
				CLANG_WARN_QUOTED_INCLUDE_IN_FRAMEWORK_HEADER = YES;
				CLANG_WARN_RANGE_LOOP_ANALYSIS = YES;
				CLANG_WARN_STRICT_PROTOTYPES = YES;
				CLANG_WARN_SUSPICIOUS_MOVE = YES;
				CLANG_WARN_UNGUARDED_AVAILABILITY = YES_AGGRESSIVE;
				CLANG_WARN_UNREACHABLE_CODE = YES;
				CLANG_WARN__DUPLICATE_METHOD_MATCH = YES;
				COPY_PHASE_STRIP = NO;
				DEBUG_INFORMATION_FORMAT = "dwarf-with-dsym";
				ENABLE_NS_ASSERTIONS = NO;
				ENABLE_STRICT_OBJC_MSGSEND = YES;
				GCC_C_LANGUAGE_STANDARD = gnu11;
				GCC_NO_COMMON_BLOCKS = YES;
				GCC_WARN_64_TO_32_BIT_CONVERSION = YES;
				GCC_WARN_ABOUT_RETURN_TYPE = YES_ERROR;
				GCC_WARN_UNDECLARED_SELECTOR = YES;
				GCC_WARN_UNINITIALIZED_AUTOS = YES_AGGRESSIVE;
				GCC_WARN_UNUSED_FUNCTION = YES;
				GCC_WARN_UNUSED_VARIABLE = YES;
				IPHONEOS_DEPLOYMENT_TARGET = 15.0;
				MTL_ENABLE_DEBUG_INFO = NO;
				MTL_FAST_MATH = YES;
				SDKROOT = iphoneos;
				SWIFT_COMPILATION_MODE = wholemodule;
				SWIFT_OPTIMIZATION_LEVEL = "-O";
				VALIDATE_PRODUCT = YES;
			};
			name = Release;
		};
		82805A8328A1BAB800DFA27B /* Debug */ = {
			isa = XCBuildConfiguration;
			buildSettings = {
				ASSETCATALOG_COMPILER_APPICON_NAME = AppIcon;
				ASSETCATALOG_COMPILER_GLOBAL_ACCENT_COLOR_NAME = AccentColor;
				CODE_SIGN_STYLE = Automatic;
				CURRENT_PROJECT_VERSION = 1;
				DEVELOPMENT_TEAM = 3U626T494V;
				GENERATE_INFOPLIST_FILE = YES;
				INFOPLIST_FILE = qNetflixClone/Info.plist;
				INFOPLIST_KEY_UIApplicationSupportsIndirectInputEvents = YES;
				INFOPLIST_KEY_UILaunchStoryboardName = LaunchScreen;
				INFOPLIST_KEY_UISupportedInterfaceOrientations_iPad = "UIInterfaceOrientationPortrait UIInterfaceOrientationPortraitUpsideDown UIInterfaceOrientationLandscapeLeft UIInterfaceOrientationLandscapeRight";
				INFOPLIST_KEY_UISupportedInterfaceOrientations_iPhone = "UIInterfaceOrientationPortrait UIInterfaceOrientationLandscapeLeft UIInterfaceOrientationLandscapeRight";
				LD_RUNPATH_SEARCH_PATHS = (
					"$(inherited)",
					"@executable_path/Frameworks",
				);
				MARKETING_VERSION = 1.0;
				PRODUCT_BUNDLE_IDENTIFIER = com.quicks.qNetflixClone;
				PRODUCT_NAME = "$(TARGET_NAME)";
				SWIFT_EMIT_LOC_STRINGS = YES;
				SWIFT_VERSION = 5.0;
				TARGETED_DEVICE_FAMILY = "1,2";
			};
			name = Debug;
		};
		82805A8428A1BAB800DFA27B /* Release */ = {
			isa = XCBuildConfiguration;
			buildSettings = {
				ASSETCATALOG_COMPILER_APPICON_NAME = AppIcon;
				ASSETCATALOG_COMPILER_GLOBAL_ACCENT_COLOR_NAME = AccentColor;
				CODE_SIGN_STYLE = Automatic;
				CURRENT_PROJECT_VERSION = 1;
				DEVELOPMENT_TEAM = 3U626T494V;
				GENERATE_INFOPLIST_FILE = YES;
				INFOPLIST_FILE = qNetflixClone/Info.plist;
				INFOPLIST_KEY_UIApplicationSupportsIndirectInputEvents = YES;
				INFOPLIST_KEY_UILaunchStoryboardName = LaunchScreen;
				INFOPLIST_KEY_UISupportedInterfaceOrientations_iPad = "UIInterfaceOrientationPortrait UIInterfaceOrientationPortraitUpsideDown UIInterfaceOrientationLandscapeLeft UIInterfaceOrientationLandscapeRight";
				INFOPLIST_KEY_UISupportedInterfaceOrientations_iPhone = "UIInterfaceOrientationPortrait UIInterfaceOrientationLandscapeLeft UIInterfaceOrientationLandscapeRight";
				LD_RUNPATH_SEARCH_PATHS = (
					"$(inherited)",
					"@executable_path/Frameworks",
				);
				MARKETING_VERSION = 1.0;
				PRODUCT_BUNDLE_IDENTIFIER = com.quicks.qNetflixClone;
				PRODUCT_NAME = "$(TARGET_NAME)";
				SWIFT_EMIT_LOC_STRINGS = YES;
				SWIFT_VERSION = 5.0;
				TARGETED_DEVICE_FAMILY = "1,2";
			};
			name = Release;
		};
/* End XCBuildConfiguration section */

/* Begin XCConfigurationList section */
		82805A6928A1BAB400DFA27B /* Build configuration list for PBXProject "qNetflixClone" */ = {
			isa = XCConfigurationList;
			buildConfigurations = (
				82805A8028A1BAB800DFA27B /* Debug */,
				82805A8128A1BAB800DFA27B /* Release */,
			);
			defaultConfigurationIsVisible = 0;
			defaultConfigurationName = Release;
		};
		82805A8228A1BAB800DFA27B /* Build configuration list for PBXNativeTarget "qNetflixClone" */ = {
			isa = XCConfigurationList;
			buildConfigurations = (
				82805A8328A1BAB800DFA27B /* Debug */,
				82805A8428A1BAB800DFA27B /* Release */,
			);
			defaultConfigurationIsVisible = 0;
			defaultConfigurationName = Release;
		};
/* End XCConfigurationList section */

/* Begin XCRemoteSwiftPackageReference section */
		D7CED04228B14BDD00BAB9AB /* XCRemoteSwiftPackageReference "SDWebImage" */ = {
			isa = XCRemoteSwiftPackageReference;
			repositoryURL = "https://github.com/SDWebImage/SDWebImage.git";
			requirement = {
				branch = master;
				kind = branch;
			};
		};
/* End XCRemoteSwiftPackageReference section */

/* Begin XCSwiftPackageProductDependency section */
		D7CED04328B14BDD00BAB9AB /* SDWebImage */ = {
			isa = XCSwiftPackageProductDependency;
			package = D7CED04228B14BDD00BAB9AB /* XCRemoteSwiftPackageReference "SDWebImage" */;
			productName = SDWebImage;
		};
		D7CED04528B14BDD00BAB9AB /* SDWebImageMapKit */ = {
			isa = XCSwiftPackageProductDependency;
			package = D7CED04228B14BDD00BAB9AB /* XCRemoteSwiftPackageReference "SDWebImage" */;
			productName = SDWebImageMapKit;
		};
/* End XCSwiftPackageProductDependency section */
	};
	rootObject = 82805A6628A1BAB400DFA27B /* Project object */;
}
